
Microsoft Visual Studio Solution File, Format Version 12.00
# Visual Studio Version 17
VisualStudioVersion = 17.14.36202.13
MinimumVisualStudioVersion = 10.0.40219.1
Project("{2150E333-8FDC-42A3-9474-1A3956D46DE8}") = "src", "src", "{02EA681E-C7D8-13C7-8484-4AC65E1B71E8}"
EndProject
Project("{2150E333-8FDC-42A3-9474-1A3956D46DE8}") = "tests", "tests", "{10002A0E-1BC4-4107-AFE4-5E7751A6FA3C}"
EndProject
Project("{2150E333-8FDC-42A3-9474-1A3956D46DE8}") = "Solutions Items", "Solutions Items", "{2BD894C7-3237-401D-9EBC-66EFC576A3FD}"
	ProjectSection(SolutionItems) = preProject
		grafana-datasources.yml = grafana-datasources.yml
		otel-config.yaml = otel-config.yaml
		prometheus.yml = prometheus.yml
	EndProjectSection
EndProject
Project("{FAE04EC0-301F-11D3-BF4B-00C04F79EFBC}") = "Accounts", "src\Accounts\Accounts.csproj", "{A5C5D884-CD70-38B9-77CD-94AE76DCC2F7}"
EndProject
Project("{FAE04EC0-301F-11D3-BF4B-00C04F79EFBC}") = "Accounts.Contracts", "src\Accounts.Contracts\Accounts.Contracts.csproj", "{64D704A8-E9F3-D0F0-6502-3BF75BA37C0F}"
EndProject
Project("{FAE04EC0-301F-11D3-BF4B-00C04F79EFBC}") = "Clients.Api", "src\Clients.Api\Clients.Api.csproj", "{6063126C-85EB-5463-EB50-E767BA3586B0}"
EndProject
Project("{FAE04EC0-301F-11D3-BF4B-00C04F79EFBC}") = "Clients.Contracts", "src\Clients.Contracts\Clients.Contracts.csproj", "{C80C0C41-6D23-97CA-A50B-6519DD6D15B4}"
EndProject
Project("{FAE04EC0-301F-11D3-BF4B-00C04F79EFBC}") = "ConsoleTool", "src\ConsoleTool\ConsoleTool.csproj", "{116A82ED-1324-6E87-BA90-0CB4D08C0C81}"
EndProject
Project("{FAE04EC0-301F-11D3-BF4B-00C04F79EFBC}") = "Infrastructure.RabbitMQ", "src\Infrastructure.RabbitMQ\Infrastructure.RabbitMQ.csproj", "{94F1CEE7-4FDF-A51C-7E5C-D4ABB7A4687A}"
EndProject
Project("{FAE04EC0-301F-11D3-BF4B-00C04F79EFBC}") = "Notifications", "src\Notifications\Notifications.csproj", "{56C0E715-E6D6-7C8E-B7CB-0E74E15D87E1}"
EndProject
Project("{FAE04EC0-301F-11D3-BF4B-00C04F79EFBC}") = "Reporting", "src\Reporting\Reporting.csproj", "{43A67035-1A3B-AADB-21BA-E5C4150F7DEE}"
EndProject
Project("{FAE04EC0-301F-11D3-BF4B-00C04F79EFBC}") = "RiskEvaluator", "src\RiskEvaluator\RiskEvaluator.csproj", "{EF0DD237-E26D-D3A0-C6DF-79542E298E86}"
EndProject
Project("{FAE04EC0-301F-11D3-BF4B-00C04F79EFBC}") = "Accounts.Tests", "tests\Accounts.Tests\Accounts.Tests.csproj", "{84B363F6-9BDD-8624-4EEF-E12D2EDD6065}"
EndProject
Project("{FAE04EC0-301F-11D3-BF4B-00C04F79EFBC}") = "Clients.Api.Tests", "tests\Clients.Api.Tests\Clients.Api.Tests.csproj", "{ACC47908-2D9F-E255-4B8C-AE33229129C4}"
EndProject
Project("{FAE04EC0-301F-11D3-BF4B-00C04F79EFBC}") = "RiskEvaluator.Tests", "tests\RiskEvaluator.Tests\RiskEvaluator.Tests.csproj", "{B3E62ED9-6E3F-0751-6DD7-98F173B9ABDE}"
EndProject
Project("{FAE04EC0-301F-11D3-BF4B-00C04F79EFBC}") = "Testing.Utilities", "tests\Testing.Utilities\Testing.Utilities.csproj", "{B18D917C-CC64-EE9E-0CD7-918F8000ED94}"
EndProject
Project("{E53339B2-1760-4266-BCC7-CA923CBCF16C}") = "docker-compose", "docker-compose.dcproj", "{81DDED9D-158B-E303-5F62-77A2896D2A5A}"
EndProject
Global
	GlobalSection(SolutionConfigurationPlatforms) = preSolution
		Debug|Any CPU = Debug|Any CPU
		Release|Any CPU = Release|Any CPU
	EndGlobalSection
	GlobalSection(ProjectConfigurationPlatforms) = postSolution
		{A5C5D884-CD70-38B9-77CD-94AE76DCC2F7}.Debug|Any CPU.ActiveCfg = Debug|Any CPU
		{A5C5D884-CD70-38B9-77CD-94AE76DCC2F7}.Debug|Any CPU.Build.0 = Debug|Any CPU
		{A5C5D884-CD70-38B9-77CD-94AE76DCC2F7}.Release|Any CPU.ActiveCfg = Release|Any CPU
		{A5C5D884-CD70-38B9-77CD-94AE76DCC2F7}.Release|Any CPU.Build.0 = Release|Any CPU
		{64D704A8-E9F3-D0F0-6502-3BF75BA37C0F}.Debug|Any CPU.ActiveCfg = Debug|Any CPU
		{64D704A8-E9F3-D0F0-6502-3BF75BA37C0F}.Debug|Any CPU.Build.0 = Debug|Any CPU
		{64D704A8-E9F3-D0F0-6502-3BF75BA37C0F}.Release|Any CPU.ActiveCfg = Release|Any CPU
		{64D704A8-E9F3-D0F0-6502-3BF75BA37C0F}.Release|Any CPU.Build.0 = Release|Any CPU
		{6063126C-85EB-5463-EB50-E767BA3586B0}.Debug|Any CPU.ActiveCfg = Debug|Any CPU
		{6063126C-85EB-5463-EB50-E767BA3586B0}.Debug|Any CPU.Build.0 = Debug|Any CPU
		{6063126C-85EB-5463-EB50-E767BA3586B0}.Release|Any CPU.ActiveCfg = Release|Any CPU
		{6063126C-85EB-5463-EB50-E767BA3586B0}.Release|Any CPU.Build.0 = Release|Any CPU
		{C80C0C41-6D23-97CA-A50B-6519DD6D15B4}.Debug|Any CPU.ActiveCfg = Debug|Any CPU
		{C80C0C41-6D23-97CA-A50B-6519DD6D15B4}.Debug|Any CPU.Build.0 = Debug|Any CPU
		{C80C0C41-6D23-97CA-A50B-6519DD6D15B4}.Release|Any CPU.ActiveCfg = Release|Any CPU
		{C80C0C41-6D23-97CA-A50B-6519DD6D15B4}.Release|Any CPU.Build.0 = Release|Any CPU
		{116A82ED-1324-6E87-BA90-0CB4D08C0C81}.Debug|Any CPU.ActiveCfg = Debug|Any CPU
		{116A82ED-1324-6E87-BA90-0CB4D08C0C81}.Debug|Any CPU.Build.0 = Debug|Any CPU
		{116A82ED-1324-6E87-BA90-0CB4D08C0C81}.Release|Any CPU.ActiveCfg = Release|Any CPU
		{116A82ED-1324-6E87-BA90-0CB4D08C0C81}.Release|Any CPU.Build.0 = Release|Any CPU
		{94F1CEE7-4FDF-A51C-7E5C-D4ABB7A4687A}.Debug|Any CPU.ActiveCfg = Debug|Any CPU
		{94F1CEE7-4FDF-A51C-7E5C-D4ABB7A4687A}.Debug|Any CPU.Build.0 = Debug|Any CPU
		{94F1CEE7-4FDF-A51C-7E5C-D4ABB7A4687A}.Release|Any CPU.ActiveCfg = Release|Any CPU
		{94F1CEE7-4FDF-A51C-7E5C-D4ABB7A4687A}.Release|Any CPU.Build.0 = Release|Any CPU
		{56C0E715-E6D6-7C8E-B7CB-0E74E15D87E1}.Debug|Any CPU.ActiveCfg = Debug|Any CPU
		{56C0E715-E6D6-7C8E-B7CB-0E74E15D87E1}.Debug|Any CPU.Build.0 = Debug|Any CPU
		{56C0E715-E6D6-7C8E-B7CB-0E74E15D87E1}.Release|Any CPU.ActiveCfg = Release|Any CPU
		{56C0E715-E6D6-7C8E-B7CB-0E74E15D87E1}.Release|Any CPU.Build.0 = Release|Any CPU
		{43A67035-1A3B-AADB-21BA-E5C4150F7DEE}.Debug|Any CPU.ActiveCfg = Debug|Any CPU
		{43A67035-1A3B-AADB-21BA-E5C4150F7DEE}.Debug|Any CPU.Build.0 = Debug|Any CPU
		{43A67035-1A3B-AADB-21BA-E5C4150F7DEE}.Release|Any CPU.ActiveCfg = Release|Any CPU
		{43A67035-1A3B-AADB-21BA-E5C4150F7DEE}.Release|Any CPU.Build.0 = Release|Any CPU
		{EF0DD237-E26D-D3A0-C6DF-79542E298E86}.Debug|Any CPU.ActiveCfg = Debug|Any CPU
		{EF0DD237-E26D-D3A0-C6DF-79542E298E86}.Debug|Any CPU.Build.0 = Debug|Any CPU
		{EF0DD237-E26D-D3A0-C6DF-79542E298E86}.Release|Any CPU.ActiveCfg = Release|Any CPU
		{EF0DD237-E26D-D3A0-C6DF-79542E298E86}.Release|Any CPU.Build.0 = Release|Any CPU
		{84B363F6-9BDD-8624-4EEF-E12D2EDD6065}.Debug|Any CPU.ActiveCfg = Debug|Any CPU
		{84B363F6-9BDD-8624-4EEF-E12D2EDD6065}.Debug|Any CPU.Build.0 = Debug|Any CPU
		{84B363F6-9BDD-8624-4EEF-E12D2EDD6065}.Release|Any CPU.ActiveCfg = Release|Any CPU
		{84B363F6-9BDD-8624-4EEF-E12D2EDD6065}.Release|Any CPU.Build.0 = Release|Any CPU
		{ACC47908-2D9F-E255-4B8C-AE33229129C4}.Debug|Any CPU.ActiveCfg = Debug|Any CPU
		{ACC47908-2D9F-E255-4B8C-AE33229129C4}.Debug|Any CPU.Build.0 = Debug|Any CPU
		{ACC47908-2D9F-E255-4B8C-AE33229129C4}.Release|Any CPU.ActiveCfg = Release|Any CPU
		{ACC47908-2D9F-E255-4B8C-AE33229129C4}.Release|Any CPU.Build.0 = Release|Any CPU
		{B3E62ED9-6E3F-0751-6DD7-98F173B9ABDE}.Debug|Any CPU.ActiveCfg = Debug|Any CPU
		{B3E62ED9-6E3F-0751-6DD7-98F173B9ABDE}.Debug|Any CPU.Build.0 = Debug|Any CPU
		{B3E62ED9-6E3F-0751-6DD7-98F173B9ABDE}.Release|Any CPU.ActiveCfg = Release|Any CPU
		{B3E62ED9-6E3F-0751-6DD7-98F173B9ABDE}.Release|Any CPU.Build.0 = Release|Any CPU
		{B18D917C-CC64-EE9E-0CD7-918F8000ED94}.Debug|Any CPU.ActiveCfg = Debug|Any CPU
		{B18D917C-CC64-EE9E-0CD7-918F8000ED94}.Debug|Any CPU.Build.0 = Debug|Any CPU
		{B18D917C-CC64-EE9E-0CD7-918F8000ED94}.Release|Any CPU.ActiveCfg = Release|Any CPU
		{B18D917C-CC64-EE9E-0CD7-918F8000ED94}.Release|Any CPU.Build.0 = Release|Any CPU
		{81DDED9D-158B-E303-5F62-77A2896D2A5A}.Debug|Any CPU.ActiveCfg = Debug|Any CPU
		{81DDED9D-158B-E303-5F62-77A2896D2A5A}.Debug|Any CPU.Build.0 = Debug|Any CPU
		{81DDED9D-158B-E303-5F62-77A2896D2A5A}.Release|Any CPU.ActiveCfg = Release|Any CPU
		{81DDED9D-158B-E303-5F62-77A2896D2A5A}.Release|Any CPU.Build.0 = Release|Any CPU
	EndGlobalSection
	GlobalSection(SolutionProperties) = preSolution
		HideSolutionNode = FALSE
	EndGlobalSection
	GlobalSection(NestedProjects) = preSolution
		{A5C5D884-CD70-38B9-77CD-94AE76DCC2F7} = {02EA681E-C7D8-13C7-8484-4AC65E1B71E8}
		{64D704A8-E9F3-D0F0-6502-3BF75BA37C0F} = {02EA681E-C7D8-13C7-8484-4AC65E1B71E8}
		{6063126C-85EB-5463-EB50-E767BA3586B0} = {02EA681E-C7D8-13C7-8484-4AC65E1B71E8}
		{C80C0C41-6D23-97CA-A50B-6519DD6D15B4} = {02EA681E-C7D8-13C7-8484-4AC65E1B71E8}
		{116A82ED-1324-6E87-BA90-0CB4D08C0C81} = {02EA681E-C7D8-13C7-8484-4AC65E1B71E8}
		{94F1CEE7-4FDF-A51C-7E5C-D4ABB7A4687A} = {02EA681E-C7D8-13C7-8484-4AC65E1B71E8}
		{56C0E715-E6D6-7C8E-B7CB-0E74E15D87E1} = {02EA681E-C7D8-13C7-8484-4AC65E1B71E8}
		{43A67035-1A3B-AADB-21BA-E5C4150F7DEE} = {02EA681E-C7D8-13C7-8484-4AC65E1B71E8}
		{EF0DD237-E26D-D3A0-C6DF-79542E298E86} = {02EA681E-C7D8-13C7-8484-4AC65E1B71E8}
		{84B363F6-9BDD-8624-4EEF-E12D2EDD6065} = {10002A0E-1BC4-4107-AFE4-5E7751A6FA3C}
		{ACC47908-2D9F-E255-4B8C-AE33229129C4} = {10002A0E-1BC4-4107-AFE4-5E7751A6FA3C}
		{B3E62ED9-6E3F-0751-6DD7-98F173B9ABDE} = {10002A0E-1BC4-4107-AFE4-5E7751A6FA3C}
		{B18D917C-CC64-EE9E-0CD7-918F8000ED94} = {10002A0E-1BC4-4107-AFE4-5E7751A6FA3C}
	EndGlobalSection
	GlobalSection(ExtensibilityGlobals) = postSolution
		SolutionGuid = {1BE7426D-5DA8-4951-A24B-CADD05E7BBAB}
	EndGlobalSection
EndGlobal
